<?xml version="1.0" encoding="utf-8"?>
<Project ToolsVersion="4.0" xmlns="http://schemas.microsoft.com/developer/msbuild/2003">
  <ItemGroup>
    <ClCompile Include="ai.cpp">
      <Filter>Source files</Filter>
    </ClCompile>
    <ClCompile Include="board.cpp">
      <Filter>Source files</Filter>
    </ClCompile>
    <ClCompile Include="game.cpp">
      <Filter>Source files</Filter>
    </ClCompile>
    <ClCompile Include="main.cpp">
      <Filter>Source files</Filter>
    </ClCompile>
    <ClCompile Include="pawn.cpp">
      <Filter>Source files</Filter>
    </ClCompile>
    <ClCompile Include="player.cpp">
      <Filter>Source files</Filter>
    </ClCompile>
    <ClCompile Include="position.cpp">
      <Filter>Source files</Filter>
    </ClCompile>
  </ItemGroup>
  <ItemGroup>
    <ClInclude Include="ai.h">
      <Filter>Header files</Filter>
    </ClInclude>
    <ClInclude Include="board.h">
      <Filter>Header files</Filter>
    </ClInclude>
    <ClInclude Include="game.h">
      <Filter>Header files</Filter>
    </ClInclude>
    <ClInclude Include="pawn.h">
      <Filter>Header files</Filter>
    </ClInclude>
    <ClInclude Include="player.h">
      <Filter>Header files</Filter>
    </ClInclude>
    <ClInclude Include="position.h">
      <Filter>Header files</Filter>
    </ClInclude>
  </ItemGroup>
  <ItemGroup>
<<<<<<< Updated upstream
    <Filter Include="Source files">
      <UniqueIdentifier>{a3049070-0c6e-4495-8b77-8c0ff4da000c}</UniqueIdentifier>
    </Filter>
    <Filter Include="Header files">
      <UniqueIdentifier>{35ad8d1b-7c93-4875-9348-bbab2b167cc5}</UniqueIdentifier>
    </Filter>
=======
    <ClCompile Include="position.cpp">
      <Filter>Source Files</Filter>
    </ClCompile>
    <ClCompile Include="main.cpp">
      <Filter>Source Files</Filter>
    </ClCompile>
    <ClCompile Include="pawn.cpp">
      <Filter>Source Files</Filter>
    </ClCompile>
    <ClCompile Include="board.cpp">
      <Filter>Source Files</Filter>
    </ClCompile>
    <ClCompile Include="player.cpp">
      <Filter>Source Files</Filter>
    </ClCompile>
    <ClCompile Include="game.cpp">
      <Filter>Source Files</Filter>
    </ClCompile>
    <ClCompile Include="Main2.cpp">
      <Filter>Source Files</Filter>
    </ClCompile>
>>>>>>> Stashed changes
  </ItemGroup>
</Project>